{
	"name": "bpk-component-carousel",
	"version": "0.0.27",
	"lockfileVersion": 1,
	"requires": true,
	"dependencies": {
		"@babel/code-frame": {
			"version": "7.5.5",
			"resolved": "https://registry.npmjs.org/@babel/code-frame/-/code-frame-7.5.5.tgz",
			"integrity": "sha512-27d4lZoomVyo51VegxI20xZPuSHusqbQag/ztrBC7wegWoQ1nLREPVSKSW8byhTlzTKyNE4ifaTA6lCp7JjpFw==",
			"dev": true,
			"requires": {
				"@babel/highlight": "^7.0.0"
			}
		},
		"@babel/generator": {
			"version": "7.7.2",
			"resolved": "https://registry.npmjs.org/@babel/generator/-/generator-7.7.2.tgz",
			"integrity": "sha512-WthSArvAjYLz4TcbKOi88me+KmDJdKSlfwwN8CnUYn9jBkzhq0ZEPuBfkAWIvjJ3AdEV1Cf/+eSQTnp3IDJKlQ==",
			"dev": true,
			"requires": {
				"@babel/types": "^7.7.2",
				"jsesc": "^2.5.1",
				"lodash": "^4.17.13",
				"source-map": "^0.5.0"
			}
		},
		"@babel/helper-annotate-as-pure": {
			"version": "7.7.0",
			"resolved": "https://registry.npmjs.org/@babel/helper-annotate-as-pure/-/helper-annotate-as-pure-7.7.0.tgz",
			"integrity": "sha512-k50CQxMlYTYo+GGyUGFwpxKVtxVJi9yh61sXZji3zYHccK9RYliZGSTOgci85T+r+0VFN2nWbGM04PIqwfrpMg==",
			"dev": true,
			"requires": {
				"@babel/types": "^7.7.0"
			}
		},
		"@babel/helper-function-name": {
			"version": "7.7.0",
			"resolved": "https://registry.npmjs.org/@babel/helper-function-name/-/helper-function-name-7.7.0.tgz",
			"integrity": "sha512-tDsJgMUAP00Ugv8O2aGEua5I2apkaQO7lBGUq1ocwN3G23JE5Dcq0uh3GvFTChPa4b40AWiAsLvCZOA2rdnQ7Q==",
			"dev": true,
			"requires": {
				"@babel/helper-get-function-arity": "^7.7.0",
				"@babel/template": "^7.7.0",
				"@babel/types": "^7.7.0"
			}
		},
		"@babel/helper-get-function-arity": {
			"version": "7.7.0",
			"resolved": "https://registry.npmjs.org/@babel/helper-get-function-arity/-/helper-get-function-arity-7.7.0.tgz",
			"integrity": "sha512-tLdojOTz4vWcEnHWHCuPN5P85JLZWbm5Fx5ZsMEMPhF3Uoe3O7awrbM2nQ04bDOUToH/2tH/ezKEOR8zEYzqyw==",
			"dev": true,
			"requires": {
				"@babel/types": "^7.7.0"
			}
		},
		"@babel/helper-module-imports": {
			"version": "7.7.0",
			"resolved": "https://registry.npmjs.org/@babel/helper-module-imports/-/helper-module-imports-7.7.0.tgz",
			"integrity": "sha512-Dv3hLKIC1jyfTkClvyEkYP2OlkzNvWs5+Q8WgPbxM5LMeorons7iPP91JM+DU7tRbhqA1ZeooPaMFvQrn23RHw==",
			"dev": true,
			"requires": {
				"@babel/types": "^7.7.0"
			}
		},
		"@babel/helper-split-export-declaration": {
			"version": "7.7.0",
			"resolved": "https://registry.npmjs.org/@babel/helper-split-export-declaration/-/helper-split-export-declaration-7.7.0.tgz",
			"integrity": "sha512-HgYSI8rH08neWlAH3CcdkFg9qX9YsZysZI5GD8LjhQib/mM0jGOZOVkoUiiV2Hu978fRtjtsGsW6w0pKHUWtqA==",
			"dev": true,
			"requires": {
				"@babel/types": "^7.7.0"
			}
		},
		"@babel/highlight": {
			"version": "7.5.0",
			"resolved": "https://registry.npmjs.org/@babel/highlight/-/highlight-7.5.0.tgz",
			"integrity": "sha512-7dV4eu9gBxoM0dAnj/BCFDW9LFU0zvTrkq0ugM7pnHEgguOEeOz1so2ZghEdzviYzQEED0r4EAgpsBChKy1TRQ==",
			"dev": true,
			"requires": {
				"chalk": "^2.0.0",
				"esutils": "^2.0.2",
				"js-tokens": "^4.0.0"
			}
		},
		"@babel/parser": {
			"version": "7.7.3",
			"resolved": "https://registry.npmjs.org/@babel/parser/-/parser-7.7.3.tgz",
			"integrity": "sha512-bqv+iCo9i+uLVbI0ILzKkvMorqxouI+GbV13ivcARXn9NNEabi2IEz912IgNpT/60BNXac5dgcfjb94NjsF33A==",
			"dev": true
		},
		"@babel/runtime": {
			"version": "7.7.2",
			"resolved": "https://registry.npmjs.org/@babel/runtime/-/runtime-7.7.2.tgz",
			"integrity": "sha512-JONRbXbTXc9WQE2mAZd1p0Z3DZ/6vaQIkgYMSTP3KjRCyd7rCZCcfhCyX+YjwcKxcZ82UrxbRD358bpExNgrjw==",
			"dev": true,
			"requires": {
				"regenerator-runtime": "^0.13.2"
			}
		},
		"@babel/template": {
			"version": "7.7.0",
			"resolved": "https://registry.npmjs.org/@babel/template/-/template-7.7.0.tgz",
			"integrity": "sha512-OKcwSYOW1mhWbnTBgQY5lvg1Fxg+VyfQGjcBduZFljfc044J5iDlnDSfhQ867O17XHiSCxYHUxHg2b7ryitbUQ==",
			"dev": true,
			"requires": {
				"@babel/code-frame": "^7.0.0",
				"@babel/parser": "^7.7.0",
				"@babel/types": "^7.7.0"
			}
		},
		"@babel/traverse": {
			"version": "7.7.2",
			"resolved": "https://registry.npmjs.org/@babel/traverse/-/traverse-7.7.2.tgz",
			"integrity": "sha512-TM01cXib2+rgIZrGJOLaHV/iZUAxf4A0dt5auY6KNZ+cm6aschuJGqKJM3ROTt3raPUdIDk9siAufIFEleRwtw==",
			"dev": true,
			"requires": {
				"@babel/code-frame": "^7.5.5",
				"@babel/generator": "^7.7.2",
				"@babel/helper-function-name": "^7.7.0",
				"@babel/helper-split-export-declaration": "^7.7.0",
				"@babel/parser": "^7.7.2",
				"@babel/types": "^7.7.2",
				"debug": "^4.1.0",
				"globals": "^11.1.0",
				"lodash": "^4.17.13"
			}
		},
		"@babel/types": {
			"version": "7.7.2",
			"resolved": "https://registry.npmjs.org/@babel/types/-/types-7.7.2.tgz",
			"integrity": "sha512-YTf6PXoh3+eZgRCBzzP25Bugd2ngmpQVrk7kXX0i5N9BO7TFBtIgZYs7WtxtOGs8e6A4ZI7ECkbBCEHeXocvOA==",
			"dev": true,
			"requires": {
				"esutils": "^2.0.2",
				"lodash": "^4.17.13",
				"to-fast-properties": "^2.0.0"
			}
		},
		"@emotion/is-prop-valid": {
			"version": "0.8.5",
			"resolved": "https://registry.npmjs.org/@emotion/is-prop-valid/-/is-prop-valid-0.8.5.tgz",
			"integrity": "sha512-6ZODuZSFofbxSbcxwsFz+6ioPjb0ISJRRPLZ+WIbjcU2IMU0Io+RGQjjaTgOvNQl007KICBm7zXQaYQEC1r6Bg==",
			"dev": true,
			"requires": {
				"@emotion/memoize": "0.7.3"
			}
		},
		"@emotion/memoize": {
			"version": "0.7.3",
			"resolved": "https://registry.npmjs.org/@emotion/memoize/-/memoize-0.7.3.tgz",
			"integrity": "sha512-2Md9mH6mvo+ygq1trTeVp2uzAKwE2P7In0cRpD/M9Q70aH8L+rxMLbb3JCN2JoSWsV2O+DdFjfbbXoMoLBczow==",
			"dev": true
		},
		"@emotion/unitless": {
			"version": "0.7.4",
			"resolved": "https://registry.npmjs.org/@emotion/unitless/-/unitless-0.7.4.tgz",
			"integrity": "sha512-kBa+cDHOR9jpRJ+kcGMsysrls0leukrm68DmFQoMIWQcXdr2cZvyvypWuGYT7U+9kAExUE7+T7r6G3C3A6L8MQ==",
			"dev": true
		},
		"ansi-styles": {
			"version": "3.2.1",
			"resolved": "https://registry.npmjs.org/ansi-styles/-/ansi-styles-3.2.1.tgz",
			"integrity": "sha512-VT0ZI6kZRdTh8YyJw3SMbYm/u+NqfsAxEpWO0Pf9sq8/e94WxxOpPKx9FR1FlyCtOVDNOQ+8ntlqFxiRc+r5qA==",
			"dev": true,
			"requires": {
				"color-convert": "^1.9.0"
			}
		},
		"asap": {
			"version": "2.0.6",
			"resolved": "https://registry.npmjs.org/asap/-/asap-2.0.6.tgz",
			"integrity": "sha1-5QNHYR1+aQlDIIu9r+vLwvuGbUY=",
			"dev": true
		},
		"babel-plugin-styled-components": {
			"version": "1.10.6",
			"resolved": "https://registry.npmjs.org/babel-plugin-styled-components/-/babel-plugin-styled-components-1.10.6.tgz",
			"integrity": "sha512-gyQj/Zf1kQti66100PhrCRjI5ldjaze9O0M3emXRPAN80Zsf8+e1thpTpaXJXVHXtaM4/+dJEgZHyS9Its+8SA==",
			"dev": true,
			"requires": {
				"@babel/helper-annotate-as-pure": "^7.0.0",
				"@babel/helper-module-imports": "^7.0.0",
				"babel-plugin-syntax-jsx": "^6.18.0",
				"lodash": "^4.17.11"
			}
		},
		"babel-plugin-syntax-jsx": {
			"version": "6.18.0",
			"resolved": "https://registry.npmjs.org/babel-plugin-syntax-jsx/-/babel-plugin-syntax-jsx-6.18.0.tgz",
			"integrity": "sha1-CvMqmm4Tyno/1QaeYtew9Y0NiUY=",
			"dev": true
		},
		"bpk-component-card": {
			"version": "2.0.17",
			"resolved": "https://registry.npmjs.org/bpk-component-card/-/bpk-component-card-2.0.17.tgz",
			"integrity": "sha512-DD0xp3JfP/RTrP51VY3vn4kTZ7J/uh7MPC5p3a8jacjC0Z+8hoY0C0puDQ2AsqOlOXeYtJwPQeJzTPtOW8ilog==",
			"dev": true,
			"requires": {
				"bpk-mixins": "^19.0.17",
				"bpk-react-utils": "^2.8.3",
				"prop-types": "^15.6.2"
			},
			"dependencies": {
				"bpk-mixins": {
					"version": "19.0.17",
					"resolved": "https://registry.npmjs.org/bpk-mixins/-/bpk-mixins-19.0.17.tgz",
					"integrity": "sha512-z7YZzaobL/eBBxOdNBuFZzD2IHmiIktQmsXnDyrbuet9fGVT3yKQ4QqkK0kkG0Ex1cJjqbn2kLY2Fibtt+lwYw==",
					"dev": true,
					"requires": {
						"bpk-svgs": "^8.2.12",
						"bpk-tokens": "^29.3.0"
					}
				}
			}
		},
		"bpk-component-icon": {
			"version": "5.0.17",
			"resolved": "https://registry.npmjs.org/bpk-component-icon/-/bpk-component-icon-5.0.17.tgz",
			"integrity": "sha512-35p2g4qMiIYlwdKh4jHl82CTH4XZIvI6eHin6oV6xzuUnmO87QfyFnI4tayrDIxwPE0jR03Crp3wZ+n5E/cBdQ==",
			"dev": true,
			"requires": {
				"bpk-mixins": "^19.0.17",
				"bpk-react-utils": "^2.8.3",
				"bpk-svgs": "^8.2.12",
				"bpk-tokens": "^29.3.0",
				"prop-types": "^15.6.2"
			},
			"dependencies": {
				"bpk-mixins": {
					"version": "19.0.17",
					"resolved": "https://registry.npmjs.org/bpk-mixins/-/bpk-mixins-19.0.17.tgz",
					"integrity": "sha512-z7YZzaobL/eBBxOdNBuFZzD2IHmiIktQmsXnDyrbuet9fGVT3yKQ4QqkK0kkG0Ex1cJjqbn2kLY2Fibtt+lwYw==",
					"dev": true,
					"requires": {
						"bpk-svgs": "^8.2.12",
						"bpk-tokens": "^29.3.0"
					}
				}
			}
		},
		"bpk-mixins": {
			"version": "19.0.17",
			"resolved": "https://registry.npmjs.org/bpk-mixins/-/bpk-mixins-19.0.17.tgz",
			"integrity": "sha512-z7YZzaobL/eBBxOdNBuFZzD2IHmiIktQmsXnDyrbuet9fGVT3yKQ4QqkK0kkG0Ex1cJjqbn2kLY2Fibtt+lwYw==",
			"requires": {
				"bpk-svgs": "^8.2.12",
				"bpk-tokens": "^29.3.0"
			}
		},
		"bpk-react-utils": {
			"version": "2.8.3",
			"resolved": "https://registry.npmjs.org/bpk-react-utils/-/bpk-react-utils-2.8.3.tgz",
			"integrity": "sha512-996q2LOpmergXXMvn8gwupQFpRKsYNPI2E781NGNDTgfj6l7nQ3A9Mm+NLCEPsHC34TFFDeh6HATkpOr4IDbpA==",
			"dev": true,
			"requires": {
				"object-assign": "^4.1.1",
				"prop-types": "^15.6.2",
				"react-transition-group": "^2.5.3",
				"recompose": "^0.30.0"
			}
		},
		"bpk-svgs": {
			"version": "8.2.12",
			"resolved": "https://registry.npmjs.org/bpk-svgs/-/bpk-svgs-8.2.12.tgz",
			"integrity": "sha512-6q1CFBojIWjf080Q/mkt+PCPNrGIIctytKAvXAXcDFz3maV/+GZRdQsVwdshHSNORsZwugoLT+NUblJyXIVC5w=="
		},
		"bpk-tokens": {
			"version": "29.3.0",
			"resolved": "https://registry.npmjs.org/bpk-tokens/-/bpk-tokens-29.3.0.tgz",
			"integrity": "sha512-QdNMwFnI4R7NtKnXb/1mxBt0szMxAIsYJVEYfg7+Auj0zyVeDT3tq/VmB4BPc/QfXpMVS9aCXq+gmH/nRI+W/g==",
			"requires": {
				"color": "^3.0.0"
			}
		},
		"camelize": {
			"version": "1.0.0",
			"resolved": "https://registry.npmjs.org/camelize/-/camelize-1.0.0.tgz",
			"integrity": "sha1-FkpUg+Yw+kMh5a8HAg5TGDGyYJs=",
			"dev": true
		},
		"chalk": {
			"version": "2.4.2",
			"resolved": "https://registry.npmjs.org/chalk/-/chalk-2.4.2.tgz",
			"integrity": "sha512-Mti+f9lpJNcwF4tWV8/OrTTtF1gZi+f8FqlyAdouralcFWFQWF2+NgCHShjkCb+IFBLq9buZwE1xckQU4peSuQ==",
			"dev": true,
			"requires": {
				"ansi-styles": "^3.2.1",
				"escape-string-regexp": "^1.0.5",
				"supports-color": "^5.3.0"
			}
		},
		"change-emitter": {
			"version": "0.1.6",
			"resolved": "https://registry.npmjs.org/change-emitter/-/change-emitter-0.1.6.tgz",
			"integrity": "sha1-6LL+PX8at9aaMhma/5HqaTFAlRU=",
			"dev": true
		},
		"classnames": {
			"version": "2.2.6",
			"resolved": "https://registry.npmjs.org/classnames/-/classnames-2.2.6.tgz",
			"integrity": "sha512-JR/iSQOSt+LQIWwrwEzJ9uk0xfN3mTVYMwt1Ir5mUcSN6pU+V4zQFFaJsclJbPuAUQH+yfWef6tm7l1quW3C8Q=="
		},
		"color": {
			"version": "3.1.2",
			"resolved": "https://registry.npmjs.org/color/-/color-3.1.2.tgz",
			"integrity": "sha512-vXTJhHebByxZn3lDvDJYw4lR5+uB3vuoHsuYA5AKuxRVn5wzzIfQKGLBmgdVRHKTJYeK5rvJcHnrd0Li49CFpg==",
			"requires": {
				"color-convert": "^1.9.1",
				"color-string": "^1.5.2"
			}
		},
		"color-convert": {
			"version": "1.9.3",
			"resolved": "https://registry.npmjs.org/color-convert/-/color-convert-1.9.3.tgz",
			"integrity": "sha512-QfAUtd+vFdAtFQcC8CCyYt1fYWxSqAiK2cSD6zDB8N3cpsEBAvRxp9zOGg6G/SHHJYAT88/az/IuDGALsNVbGg==",
			"requires": {
				"color-name": "1.1.3"
			}
		},
		"color-name": {
			"version": "1.1.3",
			"resolved": "https://registry.npmjs.org/color-name/-/color-name-1.1.3.tgz",
			"integrity": "sha1-p9BVi9icQveV3UIyj3QIMcpTvCU="
		},
		"color-string": {
			"version": "1.5.3",
			"resolved": "https://registry.npmjs.org/color-string/-/color-string-1.5.3.tgz",
			"integrity": "sha512-dC2C5qeWoYkxki5UAXapdjqO672AM4vZuPGRQfO8b5HKuKGBbKWpITyDYN7TOFKvRW7kOgAn3746clDBMDJyQw==",
			"requires": {
				"color-name": "^1.0.0",
				"simple-swizzle": "^0.2.2"
			}
		},
		"core-js": {
			"version": "1.2.7",
			"resolved": "https://registry.npmjs.org/core-js/-/core-js-1.2.7.tgz",
			"integrity": "sha1-ZSKUwUZR2yj6k70tX/KYOk8IxjY=",
			"dev": true
		},
		"css-color-keywords": {
			"version": "1.0.0",
			"resolved": "https://registry.npmjs.org/css-color-keywords/-/css-color-keywords-1.0.0.tgz",
			"integrity": "sha1-/qJhbcZ2spYmhrOvjb2+GAskTgU=",
			"dev": true
		},
		"css-to-react-native": {
			"version": "2.3.2",
			"resolved": "https://registry.npmjs.org/css-to-react-native/-/css-to-react-native-2.3.2.tgz",
			"integrity": "sha512-VOFaeZA053BqvvvqIA8c9n0+9vFppVBAHCp6JgFTtTMU3Mzi+XnelJ9XC9ul3BqFzZyQ5N+H0SnwsWT2Ebchxw==",
			"dev": true,
			"requires": {
				"camelize": "^1.0.0",
				"css-color-keywords": "^1.0.0",
				"postcss-value-parser": "^3.3.0"
			}
		},
		"debug": {
			"version": "4.1.1",
			"resolved": "https://registry.npmjs.org/debug/-/debug-4.1.1.tgz",
			"integrity": "sha512-pYAIzeRo8J6KPEaJ0VWOh5Pzkbw/RetuzehGM7QRRX5he4fPHx2rdKMB256ehJCkX+XRQm16eZLqLNS8RSZXZw==",
			"dev": true,
			"requires": {
				"ms": "^2.1.1"
			}
		},
		"dom-helpers": {
			"version": "3.4.0",
			"resolved": "https://registry.npmjs.org/dom-helpers/-/dom-helpers-3.4.0.tgz",
			"integrity": "sha512-LnuPJ+dwqKDIyotW1VzmOZ5TONUN7CwkCR5hrgawTUbkBGYdeoNLZo6nNfGkCrjtE1nXXaj7iMMpDa8/d9WoIA==",
			"dev": true,
			"requires": {
				"@babel/runtime": "^7.1.2"
			}
		},
		"encoding": {
			"version": "0.1.12",
			"resolved": "https://registry.npmjs.org/encoding/-/encoding-0.1.12.tgz",
			"integrity": "sha1-U4tm8+5izRq1HsMjgp0flIDHS+s=",
			"dev": true,
			"requires": {
				"iconv-lite": "~0.4.13"
			}
		},
		"enquire.js": {
			"version": "2.1.6",
			"resolved": "https://registry.npmjs.org/enquire.js/-/enquire.js-2.1.6.tgz",
			"integrity": "sha1-PoeAybi4NQhMP2DhZtvDwqPImBQ="
		},
		"escape-string-regexp": {
			"version": "1.0.5",
			"resolved": "https://registry.npmjs.org/escape-string-regexp/-/escape-string-regexp-1.0.5.tgz",
			"integrity": "sha1-G2HAViGQqN/2rjuyzwIAyhMLhtQ=",
			"dev": true
		},
		"esutils": {
			"version": "2.0.3",
			"resolved": "https://registry.npmjs.org/esutils/-/esutils-2.0.3.tgz",
			"integrity": "sha512-kVscqXk4OCp68SZ0dkgEKVi6/8ij300KBWTJq32P/dYeWTSwK41WyTxalN1eRmA5Z9UU/LX9D7FWSmV9SAYx6g==",
			"dev": true
		},
		"fbjs": {
			"version": "0.8.17",
			"resolved": "https://registry.npmjs.org/fbjs/-/fbjs-0.8.17.tgz",
			"integrity": "sha1-xNWY6taUkRJlPWWIsBpc3Nn5D90=",
			"dev": true,
			"requires": {
				"core-js": "^1.0.0",
				"isomorphic-fetch": "^2.1.1",
				"loose-envify": "^1.0.0",
				"object-assign": "^4.1.0",
				"promise": "^7.1.1",
				"setimmediate": "^1.0.5",
				"ua-parser-js": "^0.7.18"
			}
		},
		"globals": {
			"version": "11.12.0",
			"resolved": "https://registry.npmjs.org/globals/-/globals-11.12.0.tgz",
			"integrity": "sha512-WOBp/EEGUiIsJSp7wcv/y6MO+lV9UoncWqxuFfm8eBwzWNgyfBd6Gz+IeKQ9jCmyhoH99g15M3T+QaVHFjizVA==",
			"dev": true
		},
		"has-flag": {
			"version": "3.0.0",
			"resolved": "https://registry.npmjs.org/has-flag/-/has-flag-3.0.0.tgz",
			"integrity": "sha1-tdRU3CGZriJWmfNGfloH87lVuv0=",
			"dev": true
		},
		"hoist-non-react-statics": {
			"version": "2.5.5",
			"resolved": "https://registry.npmjs.org/hoist-non-react-statics/-/hoist-non-react-statics-2.5.5.tgz",
			"integrity": "sha512-rqcy4pJo55FTTLWt+bU8ukscqHeE/e9KWvsOW2b/a3afxQZhwkQdT1rPPCJ0rYXdj4vNcasY8zHTH+jF/qStxw==",
			"dev": true
		},
		"iconv-lite": {
			"version": "0.4.24",
			"resolved": "https://registry.npmjs.org/iconv-lite/-/iconv-lite-0.4.24.tgz",
			"integrity": "sha512-v3MXnZAcvnywkTUEZomIActle7RXXeedOR31wwl7VlyoXO4Qi9arvSenNQWne1TcRwhCL1HwLI21bEqdpj8/rA==",
			"dev": true,
			"requires": {
				"safer-buffer": ">= 2.1.2 < 3"
			}
		},
		"is-arrayish": {
			"version": "0.3.2",
			"resolved": "https://registry.npmjs.org/is-arrayish/-/is-arrayish-0.3.2.tgz",
			"integrity": "sha512-eVRqCvVlZbuw3GrM63ovNSNAeA1K16kaR/LRY/92w0zxQ5/1YzwblUX652i4Xs9RwAGjW9d9y6X88t8OaAJfWQ=="
		},
		"is-stream": {
			"version": "1.1.0",
			"resolved": "https://registry.npmjs.org/is-stream/-/is-stream-1.1.0.tgz",
			"integrity": "sha1-EtSj3U5o4Lec6428hBc66A2RykQ=",
			"dev": true
		},
		"is-what": {
			"version": "3.3.1",
			"resolved": "https://registry.npmjs.org/is-what/-/is-what-3.3.1.tgz",
			"integrity": "sha512-seFn10yAXy+yJlTRO+8VfiafC+0QJanGLMPTBWLrJm/QPauuchy0UXh8B6H5o9VA8BAzk0iYievt6mNp6gfaqA==",
			"dev": true
		},
		"isomorphic-fetch": {
			"version": "2.2.1",
			"resolved": "https://registry.npmjs.org/isomorphic-fetch/-/isomorphic-fetch-2.2.1.tgz",
			"integrity": "sha1-YRrhrPFPXoH3KVB0coGf6XM1WKk=",
			"dev": true,
			"requires": {
				"node-fetch": "^1.0.1",
				"whatwg-fetch": ">=0.10.0"
			}
		},
		"js-tokens": {
			"version": "4.0.0",
			"resolved": "https://registry.npmjs.org/js-tokens/-/js-tokens-4.0.0.tgz",
			"integrity": "sha512-RdJUflcE3cUzKiMqQgsCu06FPu9UdIJO0beYbPhHN4k6apgJtifcoCtT9bcxOpYBtpD2kCM6Sbzg4CausW/PKQ=="
		},
		"jsesc": {
			"version": "2.5.2",
			"resolved": "https://registry.npmjs.org/jsesc/-/jsesc-2.5.2.tgz",
			"integrity": "sha512-OYu7XEzjkCQ3C5Ps3QIZsQfNpqoJyZZA99wd9aWd05NCtC5pWOkShK2mkL6HXQR6/Cy2lbNdPlZBpuQHXE63gA==",
			"dev": true
		},
		"json2mq": {
			"version": "0.2.0",
			"resolved": "https://registry.npmjs.org/json2mq/-/json2mq-0.2.0.tgz",
			"integrity": "sha1-tje9O6nqvhIsg+lyBIOusQ0skEo=",
			"requires": {
				"string-convert": "^0.2.0"
			}
		},
		"lodash": {
			"version": "4.17.15",
			"resolved": "https://registry.npmjs.org/lodash/-/lodash-4.17.15.tgz",
			"integrity": "sha512-8xOcRHvCjnocdS5cpwXQXVzmmh5e5+saE2QGoeQmbKmRS6J3VQppPOIt0MnmE+4xlZoumy0GPG0D0MVIQbNA1A==",
			"dev": true
		},
		"lodash.debounce": {
			"version": "4.0.8",
			"resolved": "https://registry.npmjs.org/lodash.debounce/-/lodash.debounce-4.0.8.tgz",
			"integrity": "sha1-gteb/zCmfEAF/9XiUVMArZyk168="
		},
		"loose-envify": {
			"version": "1.4.0",
			"resolved": "https://registry.npmjs.org/loose-envify/-/loose-envify-1.4.0.tgz",
			"integrity": "sha512-lyuxPGr/Wfhrlem2CL/UcnUc1zcqKAImBDzukY7Y5F/yQiNdko6+fRLevlw1HgMySw7f611UIY408EtxRSoK3Q==",
			"requires": {
				"js-tokens": "^3.0.0 || ^4.0.0"
			}
		},
		"memoize-one": {
			"version": "5.1.1",
			"resolved": "https://registry.npmjs.org/memoize-one/-/memoize-one-5.1.1.tgz",
			"integrity": "sha512-HKeeBpWvqiVJD57ZUAsJNm71eHTykffzcLZVYWiVfQeI1rJtuEaS7hQiEpWfVVk18donPwJEcFKIkCmPJNOhHA==",
			"dev": true
		},
		"merge-anything": {
			"version": "2.4.1",
			"resolved": "https://registry.npmjs.org/merge-anything/-/merge-anything-2.4.1.tgz",
			"integrity": "sha512-dYOIAl9GFCJNctSIHWOj9OJtarCjsD16P8ObCl6oxrujAG+kOvlwJuOD9/O9iYZ9aTi1RGpGTG9q9etIvuUikQ==",
			"dev": true,
			"requires": {
				"is-what": "^3.3.1"
			}
		},
		"ms": {
			"version": "2.1.2",
			"resolved": "https://registry.npmjs.org/ms/-/ms-2.1.2.tgz",
			"integrity": "sha512-sGkPx+VjMtmA6MX27oA4FBFELFCZZ4S4XqeGOXCv68tT+jb3vk/RyaKWP0PTKyWtmLSM0b+adUTEvbs1PEaH2w==",
			"dev": true
		},
		"node-fetch": {
			"version": "1.7.3",
			"resolved": "https://registry.npmjs.org/node-fetch/-/node-fetch-1.7.3.tgz",
			"integrity": "sha512-NhZ4CsKx7cYm2vSrBAr2PvFOe6sWDf0UYLRqA6svUYg7+/TSfVAu49jYC4BvQ4Sms9SZgdqGBgroqfDhJdTyKQ==",
			"dev": true,
			"requires": {
				"encoding": "^0.1.11",
				"is-stream": "^1.0.1"
			}
		},
		"object-assign": {
			"version": "4.1.1",
			"resolved": "https://registry.npmjs.org/object-assign/-/object-assign-4.1.1.tgz",
			"integrity": "sha1-IQmtx5ZYh8/AXLvUQsrIv7s2CGM="
		},
		"postcss-value-parser": {
			"version": "3.3.1",
			"resolved": "https://registry.npmjs.org/postcss-value-parser/-/postcss-value-parser-3.3.1.tgz",
			"integrity": "sha512-pISE66AbVkp4fDQ7VHBwRNXzAAKJjw4Vw7nWI/+Q3vuly7SNfgYXvm6i5IgFylHGK5sP/xHAbB7N49OS4gWNyQ==",
			"dev": true
		},
		"promise": {
			"version": "7.3.1",
			"resolved": "https://registry.npmjs.org/promise/-/promise-7.3.1.tgz",
			"integrity": "sha512-nolQXZ/4L+bP/UGlkfaIujX9BKxGwmQ9OT4mOt5yvy8iK1h3wqTEJCijzGANTCCl9nWjY41juyAn2K3Q1hLLTg==",
			"dev": true,
			"requires": {
				"asap": "~2.0.3"
			}
		},
		"prop-types": {
			"version": "15.6.2",
			"resolved": "https://registry.npmjs.org/prop-types/-/prop-types-15.6.2.tgz",
			"integrity": "sha512-3pboPvLiWD7dkI3qf3KbUe6hKFKa52w+AE0VCqECtf+QHAKgOL37tTaNCnuX1nAAQ4ZhyP+kYVKf8rLmJ/feDQ==",
			"requires": {
				"loose-envify": "^1.3.1",
				"object-assign": "^4.1.1"
			}
		},
		"react-is": {
			"version": "16.11.0",
			"resolved": "https://registry.npmjs.org/react-is/-/react-is-16.11.0.tgz",
			"integrity": "sha512-gbBVYR2p8mnriqAwWx9LbuUrShnAuSCNnuPGyc7GJrMVQtPDAh8iLpv7FRuMPFb56KkaVZIYSz1PrjI9q0QPCw==",
			"dev": true
		},
		"react-lifecycles-compat": {
			"version": "3.0.4",
			"resolved": "https://registry.npmjs.org/react-lifecycles-compat/-/react-lifecycles-compat-3.0.4.tgz",
			"integrity": "sha512-fBASbA6LnOU9dOU2eW7aQ8xmYBSXUIWr+UmF9b1efZBazGNO+rcXT/icdKnYm2pTwcRylVUYwW7H1PHfLekVzA==",
			"dev": true
		},
		"react-slick": {
			"version": "0.25.2",
			"resolved": "https://registry.npmjs.org/react-slick/-/react-slick-0.25.2.tgz",
			"integrity": "sha512-8MNH/NFX/R7zF6W/w+FS5VXNyDusF+XDW1OU0SzODEU7wqYB+ZTGAiNJ++zVNAVqCAHdyCybScaUB+FCZOmBBw==",
			"requires": {
				"classnames": "^2.2.5",
				"enquire.js": "^2.1.6",
				"json2mq": "^0.2.0",
				"lodash.debounce": "^4.0.8",
				"resize-observer-polyfill": "^1.5.0"
			}
		},
		"react-transition-group": {
			"version": "2.9.0",
			"resolved": "https://registry.npmjs.org/react-transition-group/-/react-transition-group-2.9.0.tgz",
			"integrity": "sha512-+HzNTCHpeQyl4MJ/bdE0u6XRMe9+XG/+aL4mCxVN4DnPBQ0/5bfHWPDuOZUzYdMj94daZaZdCCc1Dzt9R/xSSg==",
			"dev": true,
			"requires": {
				"dom-helpers": "^3.4.0",
				"loose-envify": "^1.4.0",
				"prop-types": "^15.6.2",
				"react-lifecycles-compat": "^3.0.4"
			}
		},
		"recompose": {
			"version": "0.30.0",
			"resolved": "https://registry.npmjs.org/recompose/-/recompose-0.30.0.tgz",
			"integrity": "sha512-ZTrzzUDa9AqUIhRk4KmVFihH0rapdCSMFXjhHbNrjAWxBuUD/guYlyysMnuHjlZC/KRiOKRtB4jf96yYSkKE8w==",
			"dev": true,
			"requires": {
				"@babel/runtime": "^7.0.0",
				"change-emitter": "^0.1.2",
				"fbjs": "^0.8.1",
				"hoist-non-react-statics": "^2.3.1",
				"react-lifecycles-compat": "^3.0.2",
				"symbol-observable": "^1.0.4"
			}
		},
		"regenerator-runtime": {
			"version": "0.13.3",
			"resolved": "https://registry.npmjs.org/regenerator-runtime/-/regenerator-runtime-0.13.3.tgz",
			"integrity": "sha512-naKIZz2GQ8JWh///G7L3X6LaQUAMp2lvb1rvwwsURe/VXwD6VMfr+/1NuNw3ag8v2kY1aQ/go5SNn79O9JU7yw==",
			"dev": true
		},
		"resize-observer-polyfill": {
			"version": "1.5.1",
			"resolved": "https://registry.npmjs.org/resize-observer-polyfill/-/resize-observer-polyfill-1.5.1.tgz",
			"integrity": "sha512-LwZrotdHOo12nQuZlHEmtuXdqGoOD0OhaxopaNFxWzInpEgaLWoVuAMbTzixuosCx2nEG58ngzW3vxdWoxIgdg=="
		},
		"safer-buffer": {
			"version": "2.1.2",
			"resolved": "https://registry.npmjs.org/safer-buffer/-/safer-buffer-2.1.2.tgz",
			"integrity": "sha512-YZo3K82SD7Riyi0E1EQPojLz7kpepnSQI9IyPbHHg1XXXevb5dJI7tpyN2ADxGcQbHG7vcyRHk0cbwqcQriUtg==",
			"dev": true
		},
		"setimmediate": {
			"version": "1.0.5",
			"resolved": "https://registry.npmjs.org/setimmediate/-/setimmediate-1.0.5.tgz",
			"integrity": "sha1-KQy7Iy4waULX1+qbg3Mqt4VvgoU=",
			"dev": true
		},
		"simple-swizzle": {
			"version": "0.2.2",
			"resolved": "https://registry.npmjs.org/simple-swizzle/-/simple-swizzle-0.2.2.tgz",
			"integrity": "sha1-pNprY1/8zMoz9w0Xy5JZLeleVXo=",
			"requires": {
				"is-arrayish": "^0.3.1"
			}
		},
		"slick-carousel": {
			"version": "1.8.1",
			"resolved": "https://registry.npmjs.org/slick-carousel/-/slick-carousel-1.8.1.tgz",
			"integrity": "sha512-XB9Ftrf2EEKfzoQXt3Nitrt/IPbT+f1fgqBdoxO3W/+JYvtEOW6EgxnWfr9GH6nmULv7Y2tPmEX3koxThVmebA=="
		},
		"source-map": {
			"version": "0.5.7",
			"resolved": "https://registry.npmjs.org/source-map/-/source-map-0.5.7.tgz",
			"integrity": "sha1-igOdLRAh0i0eoUyA2OpGi6LvP8w=",
			"dev": true
		},
		"string-convert": {
			"version": "0.2.1",
			"resolved": "https://registry.npmjs.org/string-convert/-/string-convert-0.2.1.tgz",
			"integrity": "sha1-aYLMMEn7tM2F+LJFaLnZvznu/5c="
		},
		"styled-components": {
			"version": "4.4.1",
			"resolved": "https://registry.npmjs.org/styled-components/-/styled-components-4.4.1.tgz",
			"integrity": "sha512-RNqj14kYzw++6Sr38n7197xG33ipEOktGElty4I70IKzQF1jzaD1U4xQ+Ny/i03UUhHlC5NWEO+d8olRCDji6g==",
			"dev": true,
			"requires": {
				"@babel/helper-module-imports": "^7.0.0",
				"@babel/traverse": "^7.0.0",
				"@emotion/is-prop-valid": "^0.8.1",
				"@emotion/unitless": "^0.7.0",
				"babel-plugin-styled-components": ">= 1",
				"css-to-react-native": "^2.2.2",
				"memoize-one": "^5.0.0",
				"merge-anything": "^2.2.4",
				"prop-types": "^15.5.4",
				"react-is": "^16.6.0",
				"stylis": "^3.5.0",
				"stylis-rule-sheet": "^0.0.10",
				"supports-color": "^5.5.0"
			}
		},
		"stylis": {
			"version": "3.5.4",
			"resolved": "https://registry.npmjs.org/stylis/-/stylis-3.5.4.tgz",
			"integrity": "sha512-8/3pSmthWM7lsPBKv7NXkzn2Uc9W7NotcwGNpJaa3k7WMM1XDCA4MgT5k/8BIexd5ydZdboXtU90XH9Ec4Bv/Q==",
			"dev": true
		},
		"stylis-rule-sheet": {
			"version": "0.0.10",
			"resolved": "https://registry.npmjs.org/stylis-rule-sheet/-/stylis-rule-sheet-0.0.10.tgz",
			"integrity": "sha512-nTbZoaqoBnmK+ptANthb10ZRZOGC+EmTLLUxeYIuHNkEKcmKgXX1XWKkUBT2Ac4es3NybooPe0SmvKdhKJZAuw==",
			"dev": true
		},
		"supports-color": {
			"version": "5.5.0",
			"resolved": "https://registry.npmjs.org/supports-color/-/supports-color-5.5.0.tgz",
			"integrity": "sha512-QjVjwdXIt408MIiAqCX4oUKsgU2EqAGzs2Ppkm4aQYbjm+ZEWEcW4SfFNTr4uMNZma0ey4f5lgLrkB0aX0QMow==",
			"dev": true,
			"requires": {
				"has-flag": "^3.0.0"
			}
		},
		"symbol-observable": {
			"version": "1.2.0",
			"resolved": "https://registry.npmjs.org/symbol-observable/-/symbol-observable-1.2.0.tgz",
			"integrity": "sha512-e900nM8RRtGhlV36KGEU9k65K3mPb1WV70OdjfxlG2EAuM1noi/E/BaW/uMhL7bPEssK8QV57vN3esixjUvcXQ==",
			"dev": true
		},
		"to-fast-properties": {
			"version": "2.0.0",
			"resolved": "https://registry.npmjs.org/to-fast-properties/-/to-fast-properties-2.0.0.tgz",
			"integrity": "sha1-3F5pjL0HkmW8c+A3doGk5Og/YW4=",
			"dev": true
		},
		"ua-parser-js": {
			"version": "0.7.20",
			"resolved": "https://registry.npmjs.org/ua-parser-js/-/ua-parser-js-0.7.20.tgz",
			"integrity": "sha512-8OaIKfzL5cpx8eCMAhhvTlft8GYF8b2eQr6JkCyVdrgjcytyOmPCXrqXFcUnhonRpLlh5yxEZVohm6mzaowUOw==",
			"dev": true
		},
		"whatwg-fetch": {
			"version": "3.0.0",
			"resolved": "https://registry.npmjs.org/whatwg-fetch/-/whatwg-fetch-3.0.0.tgz",
			"integrity": "sha512-9GSJUgz1D4MfyKU7KRqwOjXCXTqWdFNvEr7eUBYchQiVc744mqK/MzXPNR2WsPkmkOa4ywfg8C2n8h+13Bey1Q==",
			"dev": true
		}
	}
}
